
Microsoft Visual Studio Solution File, Format Version 12.00
# Visual Studio 15
Project("{FAE04EC0-301F-11D3-BF4B-00C04F79EFBC}") = "Assembly-CSharp-Editor", "Assembly-CSharp-Editor.csproj", "{0274117C-4B26-E0E0-C03B-043086B55580}"
EndProject
Project("{FAE04EC0-301F-11D3-BF4B-00C04F79EFBC}") = "Assembly-CSharp", "Assembly-CSharp.csproj", "{78759720-844C-7C2F-AAA9-42339E786E81}"
EndProject
Global
	GlobalSection(SolutionConfigurationPlatforms) = preSolution
		Debug|Any CPU = Debug|Any CPU
		Release|Any CPU = Release|Any CPU
	EndGlobalSection
	GlobalSection(ProjectConfigurationPlatforms) = postSolution
		{0274117C-4B26-E0E0-C03B-043086B55580}.Debug|Any CPU.ActiveCfg = Debug|Any CPU
		{0274117C-4B26-E0E0-C03B-043086B55580}.Debug|Any CPU.Build.0 = Debug|Any CPU
		{0274117C-4B26-E0E0-C03B-043086B55580}.Release|Any CPU.ActiveCfg = Release|Any CPU
		{0274117C-4B26-E0E0-C03B-043086B55580}.Release|Any CPU.Build.0 = Release|Any CPU
		{78759720-844C-7C2F-AAA9-42339E786E81}.Debug|Any CPU.ActiveCfg = Debug|Any CPU
		{78759720-844C-7C2F-AAA9-42339E786E81}.Debug|Any CPU.Build.0 = Debug|Any CPU
		{78759720-844C-7C2F-AAA9-42339E786E81}.Release|Any CPU.ActiveCfg = Release|Any CPU
		{78759720-844C-7C2F-AAA9-42339E786E81}.Release|Any CPU.Build.0 = Release|Any CPU
	EndGlobalSection
	GlobalSection(SolutionProperties) = preSolution
		HideSolutionNode = FALSE
	EndGlobalSection
EndGlobal
