
Microsoft Visual Studio Solution File, Format Version 12.00
# Visual Studio 15
Project("{FAE04EC0-301F-11D3-BF4B-00C04F79EFBC}") = "Assembly-CSharp-Editor", "Assembly-CSharp-Editor.csproj", "{0016523A-1DC4-C7BE-97AF-8A3796DEBF1C}"
EndProject
Project("{FAE04EC0-301F-11D3-BF4B-00C04F79EFBC}") = "Assembly-CSharp", "Assembly-CSharp.csproj", "{2A0035DC-F4EF-ED79-4B0E-27C6B3EC7230}"
EndProject
Global
	GlobalSection(SolutionConfigurationPlatforms) = preSolution
		Debug|Any CPU = Debug|Any CPU
		Release|Any CPU = Release|Any CPU
	EndGlobalSection
	GlobalSection(ProjectConfigurationPlatforms) = postSolution
		{0016523A-1DC4-C7BE-97AF-8A3796DEBF1C}.Debug|Any CPU.ActiveCfg = Debug|Any CPU
		{0016523A-1DC4-C7BE-97AF-8A3796DEBF1C}.Debug|Any CPU.Build.0 = Debug|Any CPU
		{0016523A-1DC4-C7BE-97AF-8A3796DEBF1C}.Release|Any CPU.ActiveCfg = Release|Any CPU
		{0016523A-1DC4-C7BE-97AF-8A3796DEBF1C}.Release|Any CPU.Build.0 = Release|Any CPU
		{2A0035DC-F4EF-ED79-4B0E-27C6B3EC7230}.Debug|Any CPU.ActiveCfg = Debug|Any CPU
		{2A0035DC-F4EF-ED79-4B0E-27C6B3EC7230}.Debug|Any CPU.Build.0 = Debug|Any CPU
		{2A0035DC-F4EF-ED79-4B0E-27C6B3EC7230}.Release|Any CPU.ActiveCfg = Release|Any CPU
		{2A0035DC-F4EF-ED79-4B0E-27C6B3EC7230}.Release|Any CPU.Build.0 = Release|Any CPU
	EndGlobalSection
	GlobalSection(SolutionProperties) = preSolution
		HideSolutionNode = FALSE
	EndGlobalSection
EndGlobal
